// !$*UTF8*$!
{
	archiveVersion = 1;
	classes = {
	};
	objectVersion = 56;
	objects = {

/* Begin PBXBuildFile section */
		F42637852A090F4E0055203B /* RemoteImage.swift in Sources */ = {isa = PBXBuildFile; fileRef = F42637842A090F4E0055203B /* RemoteImage.swift */; };
		F42637912A0919C80055203B /* AppetizerRemoteImage.swift in Sources */ = {isa = PBXBuildFile; fileRef = F42637902A0919C80055203B /* AppetizerRemoteImage.swift */; };
		F42637962A091B410055203B /* APError.swift in Sources */ = {isa = PBXBuildFile; fileRef = F42637952A091B410055203B /* APError.swift */; };
		F426379B2A09253F0055203B /* AppetizerDetailCardView.swift in Sources */ = {isa = PBXBuildFile; fileRef = F426379A2A09253F0055203B /* AppetizerDetailCardView.swift */; };
		F49FE1072A0CED3200634E07 /* APButton.swift in Sources */ = {isa = PBXBuildFile; fileRef = F49FE1062A0CED3200634E07 /* APButton.swift */; };
		F49FE1092A0CF00800634E07 /* XDissmissButton.swift in Sources */ = {isa = PBXBuildFile; fileRef = F49FE1082A0CF00800634E07 /* XDissmissButton.swift */; };
		F4A60A722A03F03100AEA326 /* AppetizersListCell.swift in Sources */ = {isa = PBXBuildFile; fileRef = F4A60A712A03F03100AEA326 /* AppetizersListCell.swift */; };
		F4A60A742A042A4900AEA326 /* NetworkManager.swift in Sources */ = {isa = PBXBuildFile; fileRef = F4A60A732A042A4900AEA326 /* NetworkManager.swift */; };
		F4A60A762A06964500AEA326 /* AppetizersViewModel.swift in Sources */ = {isa = PBXBuildFile; fileRef = F4A60A752A06964500AEA326 /* AppetizersViewModel.swift */; };
		F4FB88A52A0266F5005D4B73 /* AppetizersApp.swift in Sources */ = {isa = PBXBuildFile; fileRef = F4FB88A42A0266F5005D4B73 /* AppetizersApp.swift */; };
		F4FB88A72A0266F5005D4B73 /* AppetizersTabView.swift in Sources */ = {isa = PBXBuildFile; fileRef = F4FB88A62A0266F5005D4B73 /* AppetizersTabView.swift */; };
		F4FB88A92A0266F5005D4B73 /* Assets.xcassets in Resources */ = {isa = PBXBuildFile; fileRef = F4FB88A82A0266F5005D4B73 /* Assets.xcassets */; };
		F4FB88AC2A0266F5005D4B73 /* Preview Assets.xcassets in Resources */ = {isa = PBXBuildFile; fileRef = F4FB88AB2A0266F5005D4B73 /* Preview Assets.xcassets */; };
		F4FB88B32A026D8B005D4B73 /* AppetizersOverviewTab.swift in Sources */ = {isa = PBXBuildFile; fileRef = F4FB88B22A026D8B005D4B73 /* AppetizersOverviewTab.swift */; };
		F4FB88B52A026DA2005D4B73 /* AccountTab.swift in Sources */ = {isa = PBXBuildFile; fileRef = F4FB88B42A026DA2005D4B73 /* AccountTab.swift */; };
		F4FB88B72A026DB6005D4B73 /* OrdersOverviewTab.swift in Sources */ = {isa = PBXBuildFile; fileRef = F4FB88B62A026DB6005D4B73 /* OrdersOverviewTab.swift */; };
		F4FB88B92A0285AC005D4B73 /* Appetizer.swift in Sources */ = {isa = PBXBuildFile; fileRef = F4FB88B82A0285AC005D4B73 /* Appetizer.swift */; };
		F4FCDF152A07A6F100FE1F3B /* Alert.swift in Sources */ = {isa = PBXBuildFile; fileRef = F4FCDF142A07A6F100FE1F3B /* Alert.swift */; };
		F4FCDF172A07E12600FE1F3B /* LoadingView.swift in Sources */ = {isa = PBXBuildFile; fileRef = F4FCDF162A07E12600FE1F3B /* LoadingView.swift */; };
		F4FCDF192A07E23500FE1F3B /* Color+Ext.swift in Sources */ = {isa = PBXBuildFile; fileRef = F4FCDF182A07E23500FE1F3B /* Color+Ext.swift */; };
		F4FE1B522A139E2F00F49881 /* AccountViemModel.swift in Sources */ = {isa = PBXBuildFile; fileRef = F4FE1B512A139E2F00F49881 /* AccountViemModel.swift */; };
		F4FE1B542A13A68800F49881 /* String+Ext.swift in Sources */ = {isa = PBXBuildFile; fileRef = F4FE1B532A13A68800F49881 /* String+Ext.swift */; };
/* End PBXBuildFile section */

/* Begin PBXFileReference section */
		F42637842A090F4E0055203B /* RemoteImage.swift */ = {isa = PBXFileReference; lastKnownFileType = sourcecode.swift; path = RemoteImage.swift; sourceTree = "<group>"; };
		F42637902A0919C80055203B /* AppetizerRemoteImage.swift */ = {isa = PBXFileReference; lastKnownFileType = sourcecode.swift; path = AppetizerRemoteImage.swift; sourceTree = "<group>"; };
		F42637952A091B410055203B /* APError.swift */ = {isa = PBXFileReference; lastKnownFileType = sourcecode.swift; path = APError.swift; sourceTree = "<group>"; };
		F426379A2A09253F0055203B /* AppetizerDetailCardView.swift */ = {isa = PBXFileReference; lastKnownFileType = sourcecode.swift; path = AppetizerDetailCardView.swift; sourceTree = "<group>"; };
		F49FE1062A0CED3200634E07 /* APButton.swift */ = {isa = PBXFileReference; lastKnownFileType = sourcecode.swift; path = APButton.swift; sourceTree = "<group>"; };
		F49FE1082A0CF00800634E07 /* XDissmissButton.swift */ = {isa = PBXFileReference; lastKnownFileType = sourcecode.swift; path = XDissmissButton.swift; sourceTree = "<group>"; };
		F4A60A712A03F03100AEA326 /* AppetizersListCell.swift */ = {isa = PBXFileReference; lastKnownFileType = sourcecode.swift; path = AppetizersListCell.swift; sourceTree = "<group>"; };
		F4A60A732A042A4900AEA326 /* NetworkManager.swift */ = {isa = PBXFileReference; lastKnownFileType = sourcecode.swift; path = NetworkManager.swift; sourceTree = "<group>"; };
		F4A60A752A06964500AEA326 /* AppetizersViewModel.swift */ = {isa = PBXFileReference; lastKnownFileType = sourcecode.swift; path = AppetizersViewModel.swift; sourceTree = "<group>"; };
		F4FB88A12A0266F5005D4B73 /* Appetizers.app */ = {isa = PBXFileReference; explicitFileType = wrapper.application; includeInIndex = 0; path = Appetizers.app; sourceTree = BUILT_PRODUCTS_DIR; };
		F4FB88A42A0266F5005D4B73 /* AppetizersApp.swift */ = {isa = PBXFileReference; lastKnownFileType = sourcecode.swift; path = AppetizersApp.swift; sourceTree = "<group>"; };
		F4FB88A62A0266F5005D4B73 /* AppetizersTabView.swift */ = {isa = PBXFileReference; lastKnownFileType = sourcecode.swift; path = AppetizersTabView.swift; sourceTree = "<group>"; };
		F4FB88A82A0266F5005D4B73 /* Assets.xcassets */ = {isa = PBXFileReference; lastKnownFileType = folder.assetcatalog; path = Assets.xcassets; sourceTree = "<group>"; };
		F4FB88AB2A0266F5005D4B73 /* Preview Assets.xcassets */ = {isa = PBXFileReference; lastKnownFileType = folder.assetcatalog; path = "Preview Assets.xcassets"; sourceTree = "<group>"; };
		F4FB88B22A026D8B005D4B73 /* AppetizersOverviewTab.swift */ = {isa = PBXFileReference; lastKnownFileType = sourcecode.swift; path = AppetizersOverviewTab.swift; sourceTree = "<group>"; };
		F4FB88B42A026DA2005D4B73 /* AccountTab.swift */ = {isa = PBXFileReference; lastKnownFileType = sourcecode.swift; path = AccountTab.swift; sourceTree = "<group>"; };
		F4FB88B62A026DB6005D4B73 /* OrdersOverviewTab.swift */ = {isa = PBXFileReference; lastKnownFileType = sourcecode.swift; path = OrdersOverviewTab.swift; sourceTree = "<group>"; };
		F4FB88B82A0285AC005D4B73 /* Appetizer.swift */ = {isa = PBXFileReference; lastKnownFileType = sourcecode.swift; path = Appetizer.swift; sourceTree = "<group>"; };
		F4FCDF142A07A6F100FE1F3B /* Alert.swift */ = {isa = PBXFileReference; lastKnownFileType = sourcecode.swift; path = Alert.swift; sourceTree = "<group>"; };
		F4FCDF162A07E12600FE1F3B /* LoadingView.swift */ = {isa = PBXFileReference; lastKnownFileType = sourcecode.swift; path = LoadingView.swift; sourceTree = "<group>"; };
		F4FCDF182A07E23500FE1F3B /* Color+Ext.swift */ = {isa = PBXFileReference; lastKnownFileType = sourcecode.swift; path = "Color+Ext.swift"; sourceTree = "<group>"; };
		F4FE1B512A139E2F00F49881 /* AccountViemModel.swift */ = {isa = PBXFileReference; lastKnownFileType = sourcecode.swift; path = AccountViemModel.swift; sourceTree = "<group>"; };
		F4FE1B532A13A68800F49881 /* String+Ext.swift */ = {isa = PBXFileReference; lastKnownFileType = sourcecode.swift; path = "String+Ext.swift"; sourceTree = "<group>"; };
/* End PBXFileReference section */

/* Begin PBXFrameworksBuildPhase section */
		F4FB889E2A0266F5005D4B73 /* Frameworks */ = {
			isa = PBXFrameworksBuildPhase;
			buildActionMask = 2147483647;
			files = (
			);
			runOnlyForDeploymentPostprocessing = 0;
		};
/* End PBXFrameworksBuildPhase section */

/* Begin PBXGroup section */
		F42637862A09180F0055203B /* Layout */ = {
			isa = PBXGroup;
			children = (
				F4FB88A62A0266F5005D4B73 /* AppetizersTabView.swift */,
			);
			path = Layout;
			sourceTree = "<group>";
		};
		F42637872A0918550055203B /* Screens */ = {
			isa = PBXGroup;
			children = (
				F42637992A09250E0055203B /* AppetizerDetail */,
				F42637882A09186A0055203B /* Appetizers */,
				F426378A2A0918900055203B /* Orders */,
				F42637892A0918760055203B /* Account */,
			);
			path = Screens;
			sourceTree = "<group>";
		};
		F42637882A09186A0055203B /* Appetizers */ = {
			isa = PBXGroup;
			children = (
				F4FB88B22A026D8B005D4B73 /* AppetizersOverviewTab.swift */,
				F4A60A752A06964500AEA326 /* AppetizersViewModel.swift */,
			);
			path = Appetizers;
			sourceTree = "<group>";
		};
		F42637892A0918760055203B /* Account */ = {
			isa = PBXGroup;
			children = (
				F4FB88B42A026DA2005D4B73 /* AccountTab.swift */,
				F4FE1B512A139E2F00F49881 /* AccountViemModel.swift */,
			);
			path = Account;
			sourceTree = "<group>";
		};
		F426378A2A0918900055203B /* Orders */ = {
			isa = PBXGroup;
			children = (
				F4FB88B62A026DB6005D4B73 /* OrdersOverviewTab.swift */,
			);
			path = Orders;
			sourceTree = "<group>";
		};
		F426378B2A09189C0055203B /* Views */ = {
			isa = PBXGroup;
			children = (
				F49FE1052A0CED1B00634E07 /* Buttons */,
				F42637982A091BE20055203B /* Cells */,
				F42637922A091A4F0055203B /* Images */,
				F426378E2A0919360055203B /* UIKitComponents */,
			);
			path = Views;
			sourceTree = "<group>";
		};
		F426378C2A0918D30055203B /* Models */ = {
			isa = PBXGroup;
			children = (
				F4FB88B82A0285AC005D4B73 /* Appetizer.swift */,
			);
			path = Models;
			sourceTree = "<group>";
		};
		F426378D2A0918EE0055203B /* Utils */ = {
			isa = PBXGroup;
			children = (
				F42637972A091B640055203B /* Alerts */,
				F42637942A091AED0055203B /* Managers */,
				F426378F2A0919870055203B /* Extensions */,
			);
			path = Utils;
			sourceTree = "<group>";
		};
		F426378E2A0919360055203B /* UIKitComponents */ = {
			isa = PBXGroup;
			children = (
				F4FCDF162A07E12600FE1F3B /* LoadingView.swift */,
			);
			path = UIKitComponents;
			sourceTree = "<group>";
		};
		F426378F2A0919870055203B /* Extensions */ = {
			isa = PBXGroup;
			children = (
				F4FCDF182A07E23500FE1F3B /* Color+Ext.swift */,
				F4FE1B532A13A68800F49881 /* String+Ext.swift */,
			);
			path = Extensions;
			sourceTree = "<group>";
		};
		F42637922A091A4F0055203B /* Images */ = {
			isa = PBXGroup;
			children = (
				F42637842A090F4E0055203B /* RemoteImage.swift */,
				F42637902A0919C80055203B /* AppetizerRemoteImage.swift */,
			);
			path = Images;
			sourceTree = "<group>";
		};
		F42637942A091AED0055203B /* Managers */ = {
			isa = PBXGroup;
			children = (
				F4A60A732A042A4900AEA326 /* NetworkManager.swift */,
			);
			path = Managers;
			sourceTree = "<group>";
		};
		F42637972A091B640055203B /* Alerts */ = {
			isa = PBXGroup;
			children = (
				F4FCDF142A07A6F100FE1F3B /* Alert.swift */,
				F42637952A091B410055203B /* APError.swift */,
			);
			path = Alerts;
			sourceTree = "<group>";
		};
		F42637982A091BE20055203B /* Cells */ = {
			isa = PBXGroup;
			children = (
				F4A60A712A03F03100AEA326 /* AppetizersListCell.swift */,
			);
			path = Cells;
			sourceTree = "<group>";
		};
		F42637992A09250E0055203B /* AppetizerDetail */ = {
			isa = PBXGroup;
			children = (
				F426379A2A09253F0055203B /* AppetizerDetailCardView.swift */,
			);
			path = AppetizerDetail;
			sourceTree = "<group>";
		};
		F49FE1052A0CED1B00634E07 /* Buttons */ = {
			isa = PBXGroup;
			children = (
				F49FE1062A0CED3200634E07 /* APButton.swift */,
				F49FE1082A0CF00800634E07 /* XDissmissButton.swift */,
			);
			path = Buttons;
			sourceTree = "<group>";
		};
		F4FB88982A0266F5005D4B73 = {
			isa = PBXGroup;
			children = (
				F4FB88A32A0266F5005D4B73 /* Appetizers */,
				F4FB88A22A0266F5005D4B73 /* Products */,
			);
			sourceTree = "<group>";
		};
		F4FB88A22A0266F5005D4B73 /* Products */ = {
			isa = PBXGroup;
			children = (
				F4FB88A12A0266F5005D4B73 /* Appetizers.app */,
			);
			name = Products;
			sourceTree = "<group>";
		};
		F4FB88A32A0266F5005D4B73 /* Appetizers */ = {
			isa = PBXGroup;
			children = (
				F426378D2A0918EE0055203B /* Utils */,
				F426378C2A0918D30055203B /* Models */,
				F426378B2A09189C0055203B /* Views */,
				F42637862A09180F0055203B /* Layout */,
				F42637872A0918550055203B /* Screens */,
				F4FB88A42A0266F5005D4B73 /* AppetizersApp.swift */,
				F4FB88A82A0266F5005D4B73 /* Assets.xcassets */,
				F4FB88AA2A0266F5005D4B73 /* Preview Content */,
			);
			path = Appetizers;
			sourceTree = "<group>";
		};
		F4FB88AA2A0266F5005D4B73 /* Preview Content */ = {
			isa = PBXGroup;
			children = (
				F4FB88AB2A0266F5005D4B73 /* Preview Assets.xcassets */,
			);
			path = "Preview Content";
			sourceTree = "<group>";
		};
/* End PBXGroup section */

/* Begin PBXNativeTarget section */
		F4FB88A02A0266F5005D4B73 /* Appetizers */ = {
			isa = PBXNativeTarget;
			buildConfigurationList = F4FB88AF2A0266F5005D4B73 /* Build configuration list for PBXNativeTarget "Appetizers" */;
			buildPhases = (
				F4FB889D2A0266F5005D4B73 /* Sources */,
				F4FB889E2A0266F5005D4B73 /* Frameworks */,
				F4FB889F2A0266F5005D4B73 /* Resources */,
			);
			buildRules = (
			);
			dependencies = (
			);
			name = Appetizers;
			productName = Appetizers;
			productReference = F4FB88A12A0266F5005D4B73 /* Appetizers.app */;
			productType = "com.apple.product-type.application";
		};
/* End PBXNativeTarget section */

/* Begin PBXProject section */
		F4FB88992A0266F5005D4B73 /* Project object */ = {
			isa = PBXProject;
			attributes = {
				BuildIndependentTargetsInParallel = 1;
				LastSwiftUpdateCheck = 1430;
				LastUpgradeCheck = 1430;
				TargetAttributes = {
					F4FB88A02A0266F5005D4B73 = {
						CreatedOnToolsVersion = 14.3;
					};
				};
			};
			buildConfigurationList = F4FB889C2A0266F5005D4B73 /* Build configuration list for PBXProject "Appetizers" */;
			compatibilityVersion = "Xcode 14.0";
			developmentRegion = en;
			hasScannedForEncodings = 0;
			knownRegions = (
				en,
				Base,
			);
			mainGroup = F4FB88982A0266F5005D4B73;
			productRefGroup = F4FB88A22A0266F5005D4B73 /* Products */;
			projectDirPath = "";
			projectRoot = "";
			targets = (
				F4FB88A02A0266F5005D4B73 /* Appetizers */,
			);
		};
/* End PBXProject section */

/* Begin PBXResourcesBuildPhase section */
		F4FB889F2A0266F5005D4B73 /* Resources */ = {
			isa = PBXResourcesBuildPhase;
			buildActionMask = 2147483647;
			files = (
				F4FB88AC2A0266F5005D4B73 /* Preview Assets.xcassets in Resources */,
				F4FB88A92A0266F5005D4B73 /* Assets.xcassets in Resources */,
			);
			runOnlyForDeploymentPostprocessing = 0;
		};
/* End PBXResourcesBuildPhase section */

/* Begin PBXSourcesBuildPhase section */
		F4FB889D2A0266F5005D4B73 /* Sources */ = {
			isa = PBXSourcesBuildPhase;
			buildActionMask = 2147483647;
			files = (
				F4A60A722A03F03100AEA326 /* AppetizersListCell.swift in Sources */,
				F4FB88B92A0285AC005D4B73 /* Appetizer.swift in Sources */,
				F4FB88B32A026D8B005D4B73 /* AppetizersOverviewTab.swift in Sources */,
				F49FE1092A0CF00800634E07 /* XDissmissButton.swift in Sources */,
				F4FCDF172A07E12600FE1F3B /* LoadingView.swift in Sources */,
				F426379B2A09253F0055203B /* AppetizerDetailCardView.swift in Sources */,
				F4FB88B72A026DB6005D4B73 /* OrdersOverviewTab.swift in Sources */,
				F4FCDF192A07E23500FE1F3B /* Color+Ext.swift in Sources */,
				F42637852A090F4E0055203B /* RemoteImage.swift in Sources */,
				F4A60A762A06964500AEA326 /* AppetizersViewModel.swift in Sources */,
				F42637912A0919C80055203B /* AppetizerRemoteImage.swift in Sources */,
				F4A60A742A042A4900AEA326 /* NetworkManager.swift in Sources */,
				F42637962A091B410055203B /* APError.swift in Sources */,
				F4FE1B522A139E2F00F49881 /* AccountViemModel.swift in Sources */,
				F4FB88A72A0266F5005D4B73 /* AppetizersTabView.swift in Sources */,
				F49FE1072A0CED3200634E07 /* APButton.swift in Sources */,
				F4FB88A52A0266F5005D4B73 /* AppetizersApp.swift in Sources */,
				F4FCDF152A07A6F100FE1F3B /* Alert.swift in Sources */,
				F4FE1B542A13A68800F49881 /* String+Ext.swift in Sources */,
				F4FB88B52A026DA2005D4B73 /* AccountTab.swift in Sources */,
			);
			runOnlyForDeploymentPostprocessing = 0;
		};
/* End PBXSourcesBuildPhase section */

/* Begin XCBuildConfiguration section */
		F4FB88AD2A0266F5005D4B73 /* Debug */ = {
			isa = XCBuildConfiguration;
			buildSettings = {
				ALWAYS_SEARCH_USER_PATHS = NO;
				CLANG_ANALYZER_NONNULL = YES;
				CLANG_ANALYZER_NUMBER_OBJECT_CONVERSION = YES_AGGRESSIVE;
				CLANG_CXX_LANGUAGE_STANDARD = "gnu++20";
				CLANG_ENABLE_MODULES = YES;
				CLANG_ENABLE_OBJC_ARC = YES;
				CLANG_ENABLE_OBJC_WEAK = YES;
				CLANG_WARN_BLOCK_CAPTURE_AUTORELEASING = YES;
				CLANG_WARN_BOOL_CONVERSION = YES;
				CLANG_WARN_COMMA = YES;
				CLANG_WARN_CONSTANT_CONVERSION = YES;
				CLANG_WARN_DEPRECATED_OBJC_IMPLEMENTATIONS = YES;
				CLANG_WARN_DIRECT_OBJC_ISA_USAGE = YES_ERROR;
				CLANG_WARN_DOCUMENTATION_COMMENTS = YES;
				CLANG_WARN_EMPTY_BODY = YES;
				CLANG_WARN_ENUM_CONVERSION = YES;
				CLANG_WARN_INFINITE_RECURSION = YES;
				CLANG_WARN_INT_CONVERSION = YES;
				CLANG_WARN_NON_LITERAL_NULL_CONVERSION = YES;
				CLANG_WARN_OBJC_IMPLICIT_RETAIN_SELF = YES;
				CLANG_WARN_OBJC_LITERAL_CONVERSION = YES;
				CLANG_WARN_OBJC_ROOT_CLASS = YES_ERROR;
				CLANG_WARN_QUOTED_INCLUDE_IN_FRAMEWORK_HEADER = YES;
				CLANG_WARN_RANGE_LOOP_ANALYSIS = YES;
				CLANG_WARN_STRICT_PROTOTYPES = YES;
				CLANG_WARN_SUSPICIOUS_MOVE = YES;
				CLANG_WARN_UNGUARDED_AVAILABILITY = YES_AGGRESSIVE;
				CLANG_WARN_UNREACHABLE_CODE = YES;
				CLANG_WARN__DUPLICATE_METHOD_MATCH = YES;
				COPY_PHASE_STRIP = NO;
				DEBUG_INFORMATION_FORMAT = dwarf;
				ENABLE_STRICT_OBJC_MSGSEND = YES;
				ENABLE_TESTABILITY = YES;
				GCC_C_LANGUAGE_STANDARD = gnu11;
				GCC_DYNAMIC_NO_PIC = NO;
				GCC_NO_COMMON_BLOCKS = YES;
				GCC_OPTIMIZATION_LEVEL = 0;
				GCC_PREPROCESSOR_DEFINITIONS = (
					"DEBUG=1",
					"$(inherited)",
				);
				GCC_WARN_64_TO_32_BIT_CONVERSION = YES;
				GCC_WARN_ABOUT_RETURN_TYPE = YES_ERROR;
				GCC_WARN_UNDECLARED_SELECTOR = YES;
				GCC_WARN_UNINITIALIZED_AUTOS = YES_AGGRESSIVE;
				GCC_WARN_UNUSED_FUNCTION = YES;
				GCC_WARN_UNUSED_VARIABLE = YES;
				IPHONEOS_DEPLOYMENT_TARGET = 16.4;
				MTL_ENABLE_DEBUG_INFO = INCLUDE_SOURCE;
				MTL_FAST_MATH = YES;
				ONLY_ACTIVE_ARCH = YES;
				SDKROOT = iphoneos;
				SWIFT_ACTIVE_COMPILATION_CONDITIONS = DEBUG;
				SWIFT_OPTIMIZATION_LEVEL = "-Onone";
			};
			name = Debug;
		};
		F4FB88AE2A0266F5005D4B73 /* Release */ = {
			isa = XCBuildConfiguration;
			buildSettings = {
				ALWAYS_SEARCH_USER_PATHS = NO;
				CLANG_ANALYZER_NONNULL = YES;
				CLANG_ANALYZER_NUMBER_OBJECT_CONVERSION = YES_AGGRESSIVE;
				CLANG_CXX_LANGUAGE_STANDARD = "gnu++20";
				CLANG_ENABLE_MODULES = YES;
				CLANG_ENABLE_OBJC_ARC = YES;
				CLANG_ENABLE_OBJC_WEAK = YES;
				CLANG_WARN_BLOCK_CAPTURE_AUTORELEASING = YES;
				CLANG_WARN_BOOL_CONVERSION = YES;
				CLANG_WARN_COMMA = YES;
				CLANG_WARN_CONSTANT_CONVERSION = YES;
				CLANG_WARN_DEPRECATED_OBJC_IMPLEMENTATIONS = YES;
				CLANG_WARN_DIRECT_OBJC_ISA_USAGE = YES_ERROR;
				CLANG_WARN_DOCUMENTATION_COMMENTS = YES;
				CLANG_WARN_EMPTY_BODY = YES;
				CLANG_WARN_ENUM_CONVERSION = YES;
				CLANG_WARN_INFINITE_RECURSION = YES;
				CLANG_WARN_INT_CONVERSION = YES;
				CLANG_WARN_NON_LITERAL_NULL_CONVERSION = YES;
				CLANG_WARN_OBJC_IMPLICIT_RETAIN_SELF = YES;
				CLANG_WARN_OBJC_LITERAL_CONVERSION = YES;
				CLANG_WARN_OBJC_ROOT_CLASS = YES_ERROR;
				CLANG_WARN_QUOTED_INCLUDE_IN_FRAMEWORK_HEADER = YES;
				CLANG_WARN_RANGE_LOOP_ANALYSIS = YES;
				CLANG_WARN_STRICT_PROTOTYPES = YES;
				CLANG_WARN_SUSPICIOUS_MOVE = YES;
				CLANG_WARN_UNGUARDED_AVAILABILITY = YES_AGGRESSIVE;
				CLANG_WARN_UNREACHABLE_CODE = YES;
				CLANG_WARN__DUPLICATE_METHOD_MATCH = YES;
				COPY_PHASE_STRIP = NO;
				DEBUG_INFORMATION_FORMAT = "dwarf-with-dsym";
				ENABLE_NS_ASSERTIONS = NO;
				ENABLE_STRICT_OBJC_MSGSEND = YES;
				GCC_C_LANGUAGE_STANDARD = gnu11;
				GCC_NO_COMMON_BLOCKS = YES;
				GCC_WARN_64_TO_32_BIT_CONVERSION = YES;
				GCC_WARN_ABOUT_RETURN_TYPE = YES_ERROR;
				GCC_WARN_UNDECLARED_SELECTOR = YES;
				GCC_WARN_UNINITIALIZED_AUTOS = YES_AGGRESSIVE;
				GCC_WARN_UNUSED_FUNCTION = YES;
				GCC_WARN_UNUSED_VARIABLE = YES;
				IPHONEOS_DEPLOYMENT_TARGET = 16.4;
				MTL_ENABLE_DEBUG_INFO = NO;
				MTL_FAST_MATH = YES;
				SDKROOT = iphoneos;
				SWIFT_COMPILATION_MODE = wholemodule;
				SWIFT_OPTIMIZATION_LEVEL = "-O";
				VALIDATE_PRODUCT = YES;
			};
			name = Release;
		};
		F4FB88B02A0266F5005D4B73 /* Debug */ = {
			isa = XCBuildConfiguration;
			buildSettings = {
				ASSETCATALOG_COMPILER_APPICON_NAME = AppIcon;
				ASSETCATALOG_COMPILER_GLOBAL_ACCENT_COLOR_NAME = AccentColor;
				CODE_SIGN_STYLE = Automatic;
				CURRENT_PROJECT_VERSION = 1;
				DEVELOPMENT_ASSET_PATHS = "\"Appetizers/Preview Content\"";
				DEVELOPMENT_TEAM = 63JMHD564P;
				ENABLE_PREVIEWS = YES;
				GENERATE_INFOPLIST_FILE = YES;
				INFOPLIST_KEY_UIApplicationSceneManifest_Generation = YES;
				INFOPLIST_KEY_UIApplicationSupportsIndirectInputEvents = YES;
				INFOPLIST_KEY_UILaunchScreen_Generation = YES;
				INFOPLIST_KEY_UISupportedInterfaceOrientations_iPad = "UIInterfaceOrientationPortrait UIInterfaceOrientationPortraitUpsideDown UIInterfaceOrientationLandscapeLeft UIInterfaceOrientationLandscapeRight";
				INFOPLIST_KEY_UISupportedInterfaceOrientations_iPhone = "UIInterfaceOrientationPortrait UIInterfaceOrientationLandscapeLeft UIInterfaceOrientationLandscapeRight";
				LD_RUNPATH_SEARCH_PATHS = (
					"$(inherited)",
					"@executable_path/Frameworks",
				);
				MARKETING_VERSION = 1.0;
				PRODUCT_BUNDLE_IDENTIFIER = com.aasemhany.Appetizers;
				PRODUCT_NAME = "$(TARGET_NAME)";
				SWIFT_EMIT_LOC_STRINGS = YES;
				SWIFT_VERSION = 5.0;
				TARGETED_DEVICE_FAMILY = "1,2";
			};
			name = Debug;
		};
		F4FB88B12A0266F5005D4B73 /* Release */ = {
			isa = XCBuildConfiguration;
			buildSettings = {
				ASSETCATALOG_COMPILER_APPICON_NAME = AppIcon;
				ASSETCATALOG_COMPILER_GLOBAL_ACCENT_COLOR_NAME = AccentColor;
				CODE_SIGN_STYLE = Automatic;
				CURRENT_PROJECT_VERSION = 1;
				DEVELOPMENT_ASSET_PATHS = "\"Appetizers/Preview Content\"";
				DEVELOPMENT_TEAM = 63JMHD564P;
				ENABLE_PREVIEWS = YES;
				GENERATE_INFOPLIST_FILE = YES;
				INFOPLIST_KEY_UIApplicationSceneManifest_Generation = YES;
				INFOPLIST_KEY_UIApplicationSupportsIndirectInputEvents = YES;
				INFOPLIST_KEY_UILaunchScreen_Generation = YES;
				INFOPLIST_KEY_UISupportedInterfaceOrientations_iPad = "UIInterfaceOrientationPortrait UIInterfaceOrientationPortraitUpsideDown UIInterfaceOrientationLandscapeLeft UIInterfaceOrientationLandscapeRight";
				INFOPLIST_KEY_UISupportedInterfaceOrientations_iPhone = "UIInterfaceOrientationPortrait UIInterfaceOrientationLandscapeLeft UIInterfaceOrientationLandscapeRight";
				LD_RUNPATH_SEARCH_PATHS = (
					"$(inherited)",
					"@executable_path/Frameworks",
				);
				MARKETING_VERSION = 1.0;
				PRODUCT_BUNDLE_IDENTIFIER = com.aasemhany.Appetizers;
				PRODUCT_NAME = "$(TARGET_NAME)";
				SWIFT_EMIT_LOC_STRINGS = YES;
				SWIFT_VERSION = 5.0;
				TARGETED_DEVICE_FAMILY = "1,2";
			};
			name = Release;
		};
/* End XCBuildConfiguration section */

/* Begin XCConfigurationList section */
		F4FB889C2A0266F5005D4B73 /* Build configuration list for PBXProject "Appetizers" */ = {
			isa = XCConfigurationList;
			buildConfigurations = (
				F4FB88AD2A0266F5005D4B73 /* Debug */,
				F4FB88AE2A0266F5005D4B73 /* Release */,
			);
			defaultConfigurationIsVisible = 0;
			defaultConfigurationName = Release;
		};
		F4FB88AF2A0266F5005D4B73 /* Build configuration list for PBXNativeTarget "Appetizers" */ = {
			isa = XCConfigurationList;
			buildConfigurations = (
				F4FB88B02A0266F5005D4B73 /* Debug */,
				F4FB88B12A0266F5005D4B73 /* Release */,
			);
			defaultConfigurationIsVisible = 0;
			defaultConfigurationName = Release;
		};
/* End XCConfigurationList section */
	};
	rootObject = F4FB88992A0266F5005D4B73 /* Project object */;
}
